{
  "name": "kagi-css",
  "lockfileVersion": 3,
  "requires": true,
  "packages": {
    "": {
      "name": "kagi-css",
      "devDependencies": {
        "lightningcss-cli": "^1.29.3"
      }
    },
    "node_modules/detect-libc": {
      "version": "2.0.3",
      "resolved": "https://registry.npmjs.org/detect-libc/-/detect-libc-2.0.3.tgz",
      "integrity": "sha512-bwy0MGW55bG41VqxxypOsdSdGqLwXPI/focwgTYCFMbdUiBAxLg9CFzG08sz2aqzknwiX7Hkl0bQENjg8iLByw==",
      "dev": true,
      "license": "Apache-2.0",
      "engines": {
        "node": ">=8"
      }
    },
    "node_modules/lightningcss-cli": {
      "version": "1.29.3",
      "resolved": "https://registry.npmjs.org/lightningcss-cli/-/lightningcss-cli-1.29.3.tgz",
      "integrity": "sha512-mgxjqu/XmceiHel6ihNShWM+KTx8wctg4zkQmcBmd0fTqkIENHq1yRWqMAIZQe3wzp75XP8CcA/cGmazlsDawg==",
      "dev": true,
      "hasInstallScript": true,
      "license": "MPL-2.0",
      "dependencies": {
        "detect-libc": "^2.0.3"
      },
      "bin": {
        "lightningcss": "lightningcss"
      },
      "engines": {
        "node": ">= 12.0.0"
      },
      "funding": {
        "type": "opencollective",
        "url": "https://opencollective.com/parcel"
      },
      "optionalDependencies": {
        "lightningcss-cli-darwin-arm64": "1.29.3",
        "lightningcss-cli-darwin-x64": "1.29.3",
        "lightningcss-cli-freebsd-x64": "1.29.3",
        "lightningcss-cli-linux-arm-gnueabihf": "1.29.3",
        "lightningcss-cli-linux-arm64-gnu": "1.29.3",
        "lightningcss-cli-linux-arm64-musl": "1.29.3",
        "lightningcss-cli-linux-x64-gnu": "1.29.3",
        "lightningcss-cli-linux-x64-musl": "1.29.3",
        "lightningcss-cli-win32-arm64-msvc": "1.29.3",
        "lightningcss-cli-win32-x64-msvc": "1.29.3"
      }
    },
    "node_modules/lightningcss-cli-win32-x64-msvc": {
      "version": "1.29.3",
      "resolved": "https://registry.npmjs.org/lightningcss-cli-win32-x64-msvc/-/lightningcss-cli-win32-x64-msvc-1.29.3.tgz",
      "integrity": "sha512-TaCZkB1TWkhpNnn7Wyu/hycgQNllHZFAe8fQSxu3aZmwDNyQ9rkfTUETbSe9GEfTSxzp5x4VOPxIA/E0auWciQ==",
      "cpu": [
        "x64"
      ],
      "dev": true,
      "license": "MPL-2.0",
      "optional": true,
      "os": [
        "win32"
      ],
      "engines": {
        "node": ">= 12.0.0"
      },
      "funding": {
        "type": "opencollective",
        "url": "https://opencollective.com/parcel"
      }
    }
  }
}
